
Microsoft Visual Studio Solution File, Format Version 12.00
# Visual Studio Version 17
VisualStudioVersion = 17.1.32210.238
MinimumVisualStudioVersion = 10.0.40219.1
Project("{FAE04EC0-301F-11D3-BF4B-00C04F79EFBC}") = "ООП", "ООП\ООП.csproj", "{B4436A9A-5369-4AE3-8144-DC7B3695B43B}"
EndProject
Global
	GlobalSection(SolutionConfigurationPlatforms) = preSolution
		Debug|Any CPU = Debug|Any CPU
		Release|Any CPU = Release|Any CPU
	EndGlobalSection
	GlobalSection(ProjectConfigurationPlatforms) = postSolution
		{B4436A9A-5369-4AE3-8144-DC7B3695B43B}.Debug|Any CPU.ActiveCfg = Debug|Any CPU
		{B4436A9A-5369-4AE3-8144-DC7B3695B43B}.Debug|Any CPU.Build.0 = Debug|Any CPU
		{B4436A9A-5369-4AE3-8144-DC7B3695B43B}.Release|Any CPU.ActiveCfg = Release|Any CPU
		{B4436A9A-5369-4AE3-8144-DC7B3695B43B}.Release|Any CPU.Build.0 = Release|Any CPU
	EndGlobalSection
	GlobalSection(SolutionProperties) = preSolution
		HideSolutionNode = FALSE
	EndGlobalSection
	GlobalSection(ExtensibilityGlobals) = postSolution
		SolutionGuid = {8853B1C3-B75B-4CBA-992D-B49BB5BC51A0}
	EndGlobalSection
EndGlobal
